
Microsoft Visual Studio Solution File, Format Version 12.00
# Visual Studio 15
VisualStudioVersion = 15.0.28307.572
MinimumVisualStudioVersion = 10.0.40219.1
Project("{FAE04EC0-301F-11D3-BF4B-00C04F79EFBC}") = "Operatory_HruskyAJablka", "Operatory_HruskyAJablka.csproj", "{BDEB6193-3D3C-450E-8D6F-3564F0BC2869}"
EndProject
Global
	GlobalSection(SolutionConfigurationPlatforms) = preSolution
		Debug|Any CPU = Debug|Any CPU
		Release|Any CPU = Release|Any CPU
	EndGlobalSection
	GlobalSection(ProjectConfigurationPlatforms) = postSolution
		{BDEB6193-3D3C-450E-8D6F-3564F0BC2869}.Debug|Any CPU.ActiveCfg = Debug|Any CPU
		{BDEB6193-3D3C-450E-8D6F-3564F0BC2869}.Debug|Any CPU.Build.0 = Debug|Any CPU
		{BDEB6193-3D3C-450E-8D6F-3564F0BC2869}.Release|Any CPU.ActiveCfg = Release|Any CPU
		{BDEB6193-3D3C-450E-8D6F-3564F0BC2869}.Release|Any CPU.Build.0 = Release|Any CPU
	EndGlobalSection
	GlobalSection(SolutionProperties) = preSolution
		HideSolutionNode = FALSE
	EndGlobalSection
	GlobalSection(ExtensibilityGlobals) = postSolution
		SolutionGuid = {B01DA60E-38F6-475E-8DF4-30BBED263CA2}
	EndGlobalSection
EndGlobal
